{
  "lib/base64": {
    "tag": {
      "name": "v1.1.0",
      "rev": "dcbf852ba545b3d15de0ac0ef88dce934c090c8e"
    }
  },
  "lib/forge-std": {
    "rev": "eb980e1d4f0e8173ec27da77297ae411840c8ccb"
  },
  "lib/openzeppelin-contracts": {
    "tag": {
      "name": "v3.4.0",
      "rev": "fa64a1ced0b70ab89073d5d0b6e01b0778f7e7d6"
    }
  }
}